PODS:
  - Alamofire (4.7.0)
  - HanekeSwift (0.10.1)
  - Hero (1.1.0)
  - SnapKit (4.0.0)
  - SwiftyJSON (4.0.0)

DEPENDENCIES:
  - Alamofire
  - HanekeSwift (from `https://github.com/Haneke/HanekeSwift.git`, branch `feature/swift-3`)
  - Hero
  - SnapKit
  - SwiftyJSON

EXTERNAL SOURCES:
  HanekeSwift:
    :branch: feature/swift-3
    :git: https://github.com/Haneke/HanekeSwift.git

CHECKOUT OPTIONS:
  HanekeSwift:
    :commit: 2f6d87f1f725d204d85cb34492e8c399cd5a200f
    :git: https://github.com/Haneke/HanekeSwift.git

SPEC CHECKSUMS:
  Alamofire: 907e0a98eb68cdb7f9d1f541a563d6ac5dc77b25
  HanekeSwift: 4113367892828e7700d24a384027de6ebc79aad1
  Hero: ce59e81c79390613d97b43da7179e2c5e1017e04
  SnapKit: a42d492c16e80209130a3379f73596c3454b7694
  SwiftyJSON: 070dabdcb1beb81b247c65ffa3a79dbbfb3b48aa

PODFILE CHECKSUM: bbcd1268241530fa8c16c4f27aa855c0a6a983cf

COCOAPODS: 1.4.0
